
Microsoft Visual Studio Solution File, Format Version 12.00
Project("{F2A71F9B-5D33-465A-A702-920D77279786}") = "Ejercicio3", "Ejercicio3\Ejercicio3.fsproj", "{F80BBC78-2E56-4667-A56D-3B9DBB2AB9B6}"
EndProject
Global
	GlobalSection(SolutionConfigurationPlatforms) = preSolution
		Debug|Any CPU = Debug|Any CPU
		Release|Any CPU = Release|Any CPU
	EndGlobalSection
	GlobalSection(ProjectConfigurationPlatforms) = postSolution
		{F80BBC78-2E56-4667-A56D-3B9DBB2AB9B6}.Debug|Any CPU.ActiveCfg = Debug|Any CPU
		{F80BBC78-2E56-4667-A56D-3B9DBB2AB9B6}.Debug|Any CPU.Build.0 = Debug|Any CPU
		{F80BBC78-2E56-4667-A56D-3B9DBB2AB9B6}.Release|Any CPU.ActiveCfg = Release|Any CPU
		{F80BBC78-2E56-4667-A56D-3B9DBB2AB9B6}.Release|Any CPU.Build.0 = Release|Any CPU
	EndGlobalSection
EndGlobal
