
Microsoft Visual Studio Solution File, Format Version 12.00
Project("{F2A71F9B-5D33-465A-A702-920D77279786}") = "Ejercicio1", "Ejercicio1\Ejercicio1.fsproj", "{16A1608E-6E90-4040-9BE3-95B22984284B}"
EndProject
Global
	GlobalSection(SolutionConfigurationPlatforms) = preSolution
		Debug|Any CPU = Debug|Any CPU
		Release|Any CPU = Release|Any CPU
	EndGlobalSection
	GlobalSection(ProjectConfigurationPlatforms) = postSolution
		{16A1608E-6E90-4040-9BE3-95B22984284B}.Debug|Any CPU.ActiveCfg = Debug|Any CPU
		{16A1608E-6E90-4040-9BE3-95B22984284B}.Debug|Any CPU.Build.0 = Debug|Any CPU
		{16A1608E-6E90-4040-9BE3-95B22984284B}.Release|Any CPU.ActiveCfg = Release|Any CPU
		{16A1608E-6E90-4040-9BE3-95B22984284B}.Release|Any CPU.Build.0 = Release|Any CPU
	EndGlobalSection
EndGlobal
